
Microsoft Visual Studio Solution File, Format Version 12.00
# Visual Studio Version 16
VisualStudioVersion = 16.0.30517.126
MinimumVisualStudioVersion = 10.0.40219.1
Project("{FAE04EC0-301F-11D3-BF4B-00C04F79EFBC}") = "GrabChineseText", "GrabChineseText\GrabChineseText.csproj", "{58EF3F5C-B169-49CE-BD89-5260EAFEBE32}"
	ProjectSection(ProjectDependencies) = postProject
		{A33298A1-02A5-47BC-98E9-0A668578B811} = {A33298A1-02A5-47BC-98E9-0A668578B811}
	EndProjectSection
EndProject
Project("{FAE04EC0-301F-11D3-BF4B-00C04F79EFBC}") = "Common", "..\..\Client\Common\Common\Common.csproj", "{A33298A1-02A5-47BC-98E9-0A668578B811}"
EndProject
Global
	GlobalSection(SolutionConfigurationPlatforms) = preSolution
		Debug|Any CPU = Debug|Any CPU
		Release|Any CPU = Release|Any CPU
	EndGlobalSection
	GlobalSection(ProjectConfigurationPlatforms) = postSolution
		{58EF3F5C-B169-49CE-BD89-5260EAFEBE32}.Debug|Any CPU.ActiveCfg = Debug|Any CPU
		{58EF3F5C-B169-49CE-BD89-5260EAFEBE32}.Debug|Any CPU.Build.0 = Debug|Any CPU
		{58EF3F5C-B169-49CE-BD89-5260EAFEBE32}.Release|Any CPU.ActiveCfg = Release|Any CPU
		{58EF3F5C-B169-49CE-BD89-5260EAFEBE32}.Release|Any CPU.Build.0 = Release|Any CPU
		{A33298A1-02A5-47BC-98E9-0A668578B811}.Debug|Any CPU.ActiveCfg = Debug|Any CPU
		{A33298A1-02A5-47BC-98E9-0A668578B811}.Debug|Any CPU.Build.0 = Debug|Any CPU
		{A33298A1-02A5-47BC-98E9-0A668578B811}.Release|Any CPU.ActiveCfg = Release|Any CPU
		{A33298A1-02A5-47BC-98E9-0A668578B811}.Release|Any CPU.Build.0 = Release|Any CPU
	EndGlobalSection
	GlobalSection(SolutionProperties) = preSolution
		HideSolutionNode = FALSE
	EndGlobalSection
	GlobalSection(ExtensibilityGlobals) = postSolution
		SolutionGuid = {A18C13CF-FD1A-4475-9A26-E5C5497662D1}
	EndGlobalSection
EndGlobal
